
Microsoft Visual Studio Solution File, Format Version 12.00
# Visual Studio 2013
VisualStudioVersion = 12.0.0.0
MinimumVisualStudioVersion = 10.0.0.1
Project("{FAE04EC0-301F-11D3-BF4B-00C04F79EFBC}") = "Hangfire.Elasticsearch", "Hangfire.Elasticsearch/Hangfire.Elasticsearch.csproj", "{B76D2A2B-1450-424E-98EA-B941B370CEFF}"
EndProject
Project("{FAE04EC0-301F-11D3-BF4B-00C04F79EFBC}") = "Hangfire.Elasticsearch.Tests", "Hangfire.Elasticsearch.Tests\Hangfire.Elasticsearch.Tests.csproj", "{45C6E330-C42C-4D84-B08E-A3676794995F}"
EndProject
Global
	GlobalSection(SolutionConfigurationPlatforms) = preSolution
		Debug|Any CPU = Debug|Any CPU
		Release|Any CPU = Release|Any CPU
	EndGlobalSection
	GlobalSection(ProjectConfigurationPlatforms) = postSolution
		{B76D2A2B-1450-424E-98EA-B941B370CEFF}.Debug|Any CPU.ActiveCfg = Debug|Any CPU
		{B76D2A2B-1450-424E-98EA-B941B370CEFF}.Debug|Any CPU.Build.0 = Debug|Any CPU
		{B76D2A2B-1450-424E-98EA-B941B370CEFF}.Release|Any CPU.ActiveCfg = Release|Any CPU
		{B76D2A2B-1450-424E-98EA-B941B370CEFF}.Release|Any CPU.Build.0 = Release|Any CPU
		{45C6E330-C42C-4D84-B08E-A3676794995F}.Debug|Any CPU.ActiveCfg = Debug|Any CPU
		{45C6E330-C42C-4D84-B08E-A3676794995F}.Debug|Any CPU.Build.0 = Debug|Any CPU
		{45C6E330-C42C-4D84-B08E-A3676794995F}.Release|Any CPU.ActiveCfg = Release|Any CPU
		{45C6E330-C42C-4D84-B08E-A3676794995F}.Release|Any CPU.Build.0 = Release|Any CPU
	EndGlobalSection
	GlobalSection(SolutionProperties) = preSolution
		HideSolutionNode = FALSE
	EndGlobalSection
EndGlobal
